
Microsoft Visual Studio Solution File, Format Version 12.00
# Visual Studio Version 16
VisualStudioVersion = 16.0.33927.289
MinimumVisualStudioVersion = 10.0.40219.1
Project("{2150E333-8FDC-42A3-9474-1A3956D46DE8}") = "Task0", "Task0", "{1DB79A30-E904-4790-8F57-06FEB50DAE7D}"
EndProject
Project("{FAE04EC0-301F-11D3-BF4B-00C04F79EFBC}") = "Tyuiu.ZargarovAA.Sprint1.Task0.V13", "Tyuiu.ZargarovAA.Sprint1.Task0.V13\Tyuiu.ZargarovAA.Sprint1.Task0.V13.csproj", "{1D3F73C0-50C0-473B-835B-77946F6CE50E}"
EndProject
Project("{FAE04EC0-301F-11D3-BF4B-00C04F79EFBC}") = "Tyuiu.ZargarovAA.Sprint1.Task0.V13.Lib", "Tyuiu.ZargarovAA.Sprint1.Task0.V13.Lib\Tyuiu.ZargarovAA.Sprint1.Task0.V13.Lib.csproj", "{3406896D-C2D0-4256-AE6F-27E76499BF73}"
EndProject
Project("{FAE04EC0-301F-11D3-BF4B-00C04F79EFBC}") = "Tyuiu.ZargarovAA.Sprint1.Task0.V13.Test", "Tyuiu.ZargarovAA.Sprint1.Task0.V13.Test\Tyuiu.ZargarovAA.Sprint1.Task0.V13.Test.csproj", "{55B9FF30-F5A2-4F89-BD43-7660EB452B08}"
EndProject
Project("{2150E333-8FDC-42A3-9474-1A3956D46DE8}") = "Task1", "Task1", "{21961F0A-A9E8-43FA-8C75-E66F2EE6FDC9}"
EndProject
Project("{FAE04EC0-301F-11D3-BF4B-00C04F79EFBC}") = "Tyuiu.ZargarovAA.Sprint1.Task1.V11", "Tyuiu.ZargarovAA.Sprint1.Task1.V11\Tyuiu.ZargarovAA.Sprint1.Task1.V11.csproj", "{F5E6217B-B97A-4A05-AF0B-704F2ECC7B52}"
EndProject
Project("{FAE04EC0-301F-11D3-BF4B-00C04F79EFBC}") = "Tyuiu.ZargarovAA.Sprint1.Task1.V11.Lib", "Tyuiu.ZargarovAA.Sprint1.Task1.V11.Lib\Tyuiu.ZargarovAA.Sprint1.Task1.V11.Lib.csproj", "{7157A656-22F8-4B0A-88F8-031CEAD60347}"
EndProject
Project("{FAE04EC0-301F-11D3-BF4B-00C04F79EFBC}") = "Tyuiu.ZargarovAA.Sprint1.Task1.V11.Test", "Tyuiu.ZargarovAA.Sprint1.Task1.V11.Test\Tyuiu.ZargarovAA.Sprint1.Task1.V11.Test.csproj", "{B3AC1CE0-2E13-4E8C-9C12-DC10B9F64263}"
EndProject
Global
	GlobalSection(SolutionConfigurationPlatforms) = preSolution
		Debug|Any CPU = Debug|Any CPU
		Release|Any CPU = Release|Any CPU
	EndGlobalSection
	GlobalSection(ProjectConfigurationPlatforms) = postSolution
		{1D3F73C0-50C0-473B-835B-77946F6CE50E}.Debug|Any CPU.ActiveCfg = Debug|Any CPU
		{1D3F73C0-50C0-473B-835B-77946F6CE50E}.Debug|Any CPU.Build.0 = Debug|Any CPU
		{1D3F73C0-50C0-473B-835B-77946F6CE50E}.Release|Any CPU.ActiveCfg = Release|Any CPU
		{1D3F73C0-50C0-473B-835B-77946F6CE50E}.Release|Any CPU.Build.0 = Release|Any CPU
		{3406896D-C2D0-4256-AE6F-27E76499BF73}.Debug|Any CPU.ActiveCfg = Debug|Any CPU
		{3406896D-C2D0-4256-AE6F-27E76499BF73}.Debug|Any CPU.Build.0 = Debug|Any CPU
		{3406896D-C2D0-4256-AE6F-27E76499BF73}.Release|Any CPU.ActiveCfg = Release|Any CPU
		{3406896D-C2D0-4256-AE6F-27E76499BF73}.Release|Any CPU.Build.0 = Release|Any CPU
		{55B9FF30-F5A2-4F89-BD43-7660EB452B08}.Debug|Any CPU.ActiveCfg = Debug|Any CPU
		{55B9FF30-F5A2-4F89-BD43-7660EB452B08}.Debug|Any CPU.Build.0 = Debug|Any CPU
		{55B9FF30-F5A2-4F89-BD43-7660EB452B08}.Release|Any CPU.ActiveCfg = Release|Any CPU
		{55B9FF30-F5A2-4F89-BD43-7660EB452B08}.Release|Any CPU.Build.0 = Release|Any CPU
		{F5E6217B-B97A-4A05-AF0B-704F2ECC7B52}.Debug|Any CPU.ActiveCfg = Debug|Any CPU
		{F5E6217B-B97A-4A05-AF0B-704F2ECC7B52}.Debug|Any CPU.Build.0 = Debug|Any CPU
		{F5E6217B-B97A-4A05-AF0B-704F2ECC7B52}.Release|Any CPU.ActiveCfg = Release|Any CPU
		{F5E6217B-B97A-4A05-AF0B-704F2ECC7B52}.Release|Any CPU.Build.0 = Release|Any CPU
		{7157A656-22F8-4B0A-88F8-031CEAD60347}.Debug|Any CPU.ActiveCfg = Debug|Any CPU
		{7157A656-22F8-4B0A-88F8-031CEAD60347}.Debug|Any CPU.Build.0 = Debug|Any CPU
		{7157A656-22F8-4B0A-88F8-031CEAD60347}.Release|Any CPU.ActiveCfg = Release|Any CPU
		{7157A656-22F8-4B0A-88F8-031CEAD60347}.Release|Any CPU.Build.0 = Release|Any CPU
		{B3AC1CE0-2E13-4E8C-9C12-DC10B9F64263}.Debug|Any CPU.ActiveCfg = Debug|Any CPU
		{B3AC1CE0-2E13-4E8C-9C12-DC10B9F64263}.Debug|Any CPU.Build.0 = Debug|Any CPU
		{B3AC1CE0-2E13-4E8C-9C12-DC10B9F64263}.Release|Any CPU.ActiveCfg = Release|Any CPU
		{B3AC1CE0-2E13-4E8C-9C12-DC10B9F64263}.Release|Any CPU.Build.0 = Release|Any CPU
	EndGlobalSection
	GlobalSection(SolutionProperties) = preSolution
		HideSolutionNode = FALSE
	EndGlobalSection
	GlobalSection(NestedProjects) = preSolution
		{1D3F73C0-50C0-473B-835B-77946F6CE50E} = {1DB79A30-E904-4790-8F57-06FEB50DAE7D}
		{3406896D-C2D0-4256-AE6F-27E76499BF73} = {1DB79A30-E904-4790-8F57-06FEB50DAE7D}
		{55B9FF30-F5A2-4F89-BD43-7660EB452B08} = {1DB79A30-E904-4790-8F57-06FEB50DAE7D}
		{F5E6217B-B97A-4A05-AF0B-704F2ECC7B52} = {21961F0A-A9E8-43FA-8C75-E66F2EE6FDC9}
		{7157A656-22F8-4B0A-88F8-031CEAD60347} = {21961F0A-A9E8-43FA-8C75-E66F2EE6FDC9}
		{B3AC1CE0-2E13-4E8C-9C12-DC10B9F64263} = {21961F0A-A9E8-43FA-8C75-E66F2EE6FDC9}
	EndGlobalSection
	GlobalSection(ExtensibilityGlobals) = postSolution
		SolutionGuid = {C2AF9DA3-269E-4037-82DD-28CC826405DF}
	EndGlobalSection
EndGlobal
