
Microsoft Visual Studio Solution File, Format Version 12.00
# Visual Studio Version 16
VisualStudioVersion = 16.0.33927.289
MinimumVisualStudioVersion = 10.0.40219.1
Project("{2150E333-8FDC-42A3-9474-1A3956D46DE8}") = "Task0", "Task0", "{1DB79A30-E904-4790-8F57-06FEB50DAE7D}"
EndProject
Project("{FAE04EC0-301F-11D3-BF4B-00C04F79EFBC}") = "Tyuiu.ZargarovAA.Sprint1.Task0.V13", "Tyuiu.ZargarovAA.Sprint1.Task0.V13\Tyuiu.ZargarovAA.Sprint1.Task0.V13.csproj", "{1D3F73C0-50C0-473B-835B-77946F6CE50E}"
EndProject
Project("{FAE04EC0-301F-11D3-BF4B-00C04F79EFBC}") = "Tyuiu.ZargarovAA.Sprint1.Task0.V13.Lib", "Tyuiu.ZargarovAA.Sprint1.Task0.V13.Lib\Tyuiu.ZargarovAA.Sprint1.Task0.V13.Lib.csproj", "{3406896D-C2D0-4256-AE6F-27E76499BF73}"
EndProject
Project("{FAE04EC0-301F-11D3-BF4B-00C04F79EFBC}") = "Tyuiu.ZargarovAA.Sprint1.Task0.V13.Test", "Tyuiu.ZargarovAA.Sprint1.Task0.V13.Test\Tyuiu.ZargarovAA.Sprint1.Task0.V13.Test.csproj", "{55B9FF30-F5A2-4F89-BD43-7660EB452B08}"
EndProject
Project("{2150E333-8FDC-42A3-9474-1A3956D46DE8}") = "Task1", "Task1", "{21961F0A-A9E8-43FA-8C75-E66F2EE6FDC9}"
EndProject
Project("{FAE04EC0-301F-11D3-BF4B-00C04F79EFBC}") = "Tyuiu.ZargarovAA.Sprint1.Task1.V11", "Tyuiu.ZargarovAA.Sprint1.Task1.V11\Tyuiu.ZargarovAA.Sprint1.Task1.V11.csproj", "{F5E6217B-B97A-4A05-AF0B-704F2ECC7B52}"
EndProject
Project("{FAE04EC0-301F-11D3-BF4B-00C04F79EFBC}") = "Tyuiu.ZargarovAA.Sprint1.Task1.V11.Lib", "Tyuiu.ZargarovAA.Sprint1.Task1.V11.Lib\Tyuiu.ZargarovAA.Sprint1.Task1.V11.Lib.csproj", "{7157A656-22F8-4B0A-88F8-031CEAD60347}"
EndProject
Project("{FAE04EC0-301F-11D3-BF4B-00C04F79EFBC}") = "Tyuiu.ZargarovAA.Sprint1.Task1.V11.Test", "Tyuiu.ZargarovAA.Sprint1.Task1.V11.Test\Tyuiu.ZargarovAA.Sprint1.Task1.V11.Test.csproj", "{B3AC1CE0-2E13-4E8C-9C12-DC10B9F64263}"
EndProject
Project("{2150E333-8FDC-42A3-9474-1A3956D46DE8}") = "Task2", "Task2", "{5AF6693F-CCF8-4FAC-B26F-1BA52EE33964}"
EndProject
Project("{FAE04EC0-301F-11D3-BF4B-00C04F79EFBC}") = "Tyuiu.ZargarovAA.Sprint1.Task2.V14", "Tyuiu.ZargarovAA.Sprint1.Task2.V14\Tyuiu.ZargarovAA.Sprint1.Task2.V14.csproj", "{6BCDD3E8-803F-4422-AC6C-E71987170782}"
EndProject
Project("{FAE04EC0-301F-11D3-BF4B-00C04F79EFBC}") = "Tyuiu.ZargarovAA.Sprint1.Task2.V14.Lib", "Tyuiu.ZargarovAA.Sprint1.Task2.V14.Lib\Tyuiu.ZargarovAA.Sprint1.Task2.V14.Lib.csproj", "{8374CA0B-FC8A-4533-97D1-850D95F65223}"
EndProject
Project("{FAE04EC0-301F-11D3-BF4B-00C04F79EFBC}") = "Tyuiu.ZargarovAA.Sprint1.Task2.V14.Test", "Tyuiu.ZargarovAA.Sprint1.Task2.V14.Test\Tyuiu.ZargarovAA.Sprint1.Task2.V14.Test.csproj", "{16888A66-7115-4CC2-A16B-07961D87F325}"
EndProject
Project("{2150E333-8FDC-42A3-9474-1A3956D46DE8}") = "Task3", "Task3", "{0D603498-D0C7-478D-A1BA-7CCD67796F98}"
EndProject
Project("{FAE04EC0-301F-11D3-BF4B-00C04F79EFBC}") = "Tyuiu.ZargarovAA.Sprint1.Task3.V14", "Tyuiu.ZargarovAA.Sprint1.Task1.V14\Tyuiu.ZargarovAA.Sprint1.Task3.V14.csproj", "{D0929D26-C879-4FAF-98D7-B57DF715ABA9}"
EndProject
Project("{FAE04EC0-301F-11D3-BF4B-00C04F79EFBC}") = "Tyuiu.ZargarovAA.Sprint1.Task3.V14.Lib", "Tyuiu.ZargarovAA.Sprint1.Task3.V14.Lib\Tyuiu.ZargarovAA.Sprint1.Task3.V14.Lib.csproj", "{ED5DAD34-0B6A-46C9-AB16-A3194C077B71}"
EndProject
Project("{FAE04EC0-301F-11D3-BF4B-00C04F79EFBC}") = "Tyuiu.ZargarovAA.Sprint1.Task3.V14.Test", "Tyuiu.ZargarovAA.Sprint1.Task3.V14.Test\Tyuiu.ZargarovAA.Sprint1.Task3.V14.Test.csproj", "{663F3CF5-D7BF-4173-819C-1BA4FB3A58F9}"
EndProject
Project("{2150E333-8FDC-42A3-9474-1A3956D46DE8}") = "Task4", "Task4", "{A60E439B-BB05-4FF6-845E-CAD97B6E873A}"
EndProject
Project("{FAE04EC0-301F-11D3-BF4B-00C04F79EFBC}") = "Tyuiu.ZargarovAA.Sprint1.Task4.V4", "Tyuiu.ZargarovAA.Sprint1.Task4.V4\Tyuiu.ZargarovAA.Sprint1.Task4.V4.csproj", "{8EC3BD32-4702-4AF1-A179-106FCA8CED42}"
EndProject
Project("{FAE04EC0-301F-11D3-BF4B-00C04F79EFBC}") = "Tyuiu.ZargarovAA.Sprint1.Task4.V4.Lib", "Tyuiu.ZargarovAA.Sprint1.Task4.V4.Lib\Tyuiu.ZargarovAA.Sprint1.Task4.V4.Lib.csproj", "{438E8309-0BA4-4E70-AA8A-003A0BBC2913}"
EndProject
Project("{FAE04EC0-301F-11D3-BF4B-00C04F79EFBC}") = "Tyuiu.ZargarovAA.Sprint1.Task4.V4.Test", "Tyuiu.ZargarovAA.Sprint1.Task4.V4.Test\Tyuiu.ZargarovAA.Sprint1.Task4.V4.Test.csproj", "{71025704-BE6D-42DC-B3CD-5E17BC3396D5}"
EndProject
Project("{2150E333-8FDC-42A3-9474-1A3956D46DE8}") = "Task5", "Task5", "{94200C68-09A6-49A7-AE3F-FB298F74AE53}"
EndProject
Project("{FAE04EC0-301F-11D3-BF4B-00C04F79EFBC}") = "Tyuiu.ZargarovAA.Sprint1.Task5.V5", "Tyuiu.ZargarovAA.Sprint1.Task5.V5\Tyuiu.ZargarovAA.Sprint1.Task5.V5.csproj", "{A75C969B-97F0-47E7-852A-7C3F2B2F80D2}"
EndProject
Project("{FAE04EC0-301F-11D3-BF4B-00C04F79EFBC}") = "Tyuiu.ZargarovAA.Sprint1.Task5.V5.Lib", "Tyuiu.ZargarovAA.Sprint1.Task5.V5.Lib\Tyuiu.ZargarovAA.Sprint1.Task5.V5.Lib.csproj", "{40BAB1F5-CF60-4671-AC8E-8A8A8B95BCF9}"
EndProject
Project("{FAE04EC0-301F-11D3-BF4B-00C04F79EFBC}") = "Tyuiu.ZargarovAA.Sprint1.Task5.V5.Test", "Tyuiu.ZargarovAA.Sprint1.Task5.V5.Test\Tyuiu.ZargarovAA.Sprint1.Task5.V5.Test.csproj", "{0B3275F0-E002-425A-B94B-38E6D6C73B8D}"
EndProject
Project("{2150E333-8FDC-42A3-9474-1A3956D46DE8}") = "Task6", "Task6", "{1B5940E2-823C-44FE-A169-C57AB14B4F0D}"
EndProject
Project("{FAE04EC0-301F-11D3-BF4B-00C04F79EFBC}") = "Tyuiu.ZargarovAA.Sprint1.Task6.V5", "Tyuiu.ZargarovAA.Sprint1.Task6.V5\Tyuiu.ZargarovAA.Sprint1.Task6.V5.csproj", "{CEFB38E5-B5E4-469F-BCDA-F00EC8A620E2}"
EndProject
Project("{FAE04EC0-301F-11D3-BF4B-00C04F79EFBC}") = "Tyuiu.ZargarovAA.Sprint1.Task6.V5.Lib", "Tyuiu.ZargarovAA.Sprint1.Task6.V5.Lib\Tyuiu.ZargarovAA.Sprint1.Task6.V5.Lib.csproj", "{27B53DF9-AB65-4757-ACFF-CC16C3554D92}"
EndProject
Project("{FAE04EC0-301F-11D3-BF4B-00C04F79EFBC}") = "Tyuiu.ZargarovAA.Sprint1.Task6.V5.Test", "Tyuiu.ZargarovAA.Sprint1.Task6.V5.Test\Tyuiu.ZargarovAA.Sprint1.Task6.V5.Test.csproj", "{791F95FC-4CE7-4F62-81EB-475F3B748905}"
EndProject
Global
	GlobalSection(SolutionConfigurationPlatforms) = preSolution
		Debug|Any CPU = Debug|Any CPU
		Release|Any CPU = Release|Any CPU
	EndGlobalSection
	GlobalSection(ProjectConfigurationPlatforms) = postSolution
		{1D3F73C0-50C0-473B-835B-77946F6CE50E}.Debug|Any CPU.ActiveCfg = Debug|Any CPU
		{1D3F73C0-50C0-473B-835B-77946F6CE50E}.Debug|Any CPU.Build.0 = Debug|Any CPU
		{1D3F73C0-50C0-473B-835B-77946F6CE50E}.Release|Any CPU.ActiveCfg = Release|Any CPU
		{1D3F73C0-50C0-473B-835B-77946F6CE50E}.Release|Any CPU.Build.0 = Release|Any CPU
		{3406896D-C2D0-4256-AE6F-27E76499BF73}.Debug|Any CPU.ActiveCfg = Debug|Any CPU
		{3406896D-C2D0-4256-AE6F-27E76499BF73}.Debug|Any CPU.Build.0 = Debug|Any CPU
		{3406896D-C2D0-4256-AE6F-27E76499BF73}.Release|Any CPU.ActiveCfg = Release|Any CPU
		{3406896D-C2D0-4256-AE6F-27E76499BF73}.Release|Any CPU.Build.0 = Release|Any CPU
		{55B9FF30-F5A2-4F89-BD43-7660EB452B08}.Debug|Any CPU.ActiveCfg = Debug|Any CPU
		{55B9FF30-F5A2-4F89-BD43-7660EB452B08}.Debug|Any CPU.Build.0 = Debug|Any CPU
		{55B9FF30-F5A2-4F89-BD43-7660EB452B08}.Release|Any CPU.ActiveCfg = Release|Any CPU
		{55B9FF30-F5A2-4F89-BD43-7660EB452B08}.Release|Any CPU.Build.0 = Release|Any CPU
		{F5E6217B-B97A-4A05-AF0B-704F2ECC7B52}.Debug|Any CPU.ActiveCfg = Debug|Any CPU
		{F5E6217B-B97A-4A05-AF0B-704F2ECC7B52}.Debug|Any CPU.Build.0 = Debug|Any CPU
		{F5E6217B-B97A-4A05-AF0B-704F2ECC7B52}.Release|Any CPU.ActiveCfg = Release|Any CPU
		{F5E6217B-B97A-4A05-AF0B-704F2ECC7B52}.Release|Any CPU.Build.0 = Release|Any CPU
		{7157A656-22F8-4B0A-88F8-031CEAD60347}.Debug|Any CPU.ActiveCfg = Debug|Any CPU
		{7157A656-22F8-4B0A-88F8-031CEAD60347}.Debug|Any CPU.Build.0 = Debug|Any CPU
		{7157A656-22F8-4B0A-88F8-031CEAD60347}.Release|Any CPU.ActiveCfg = Release|Any CPU
		{7157A656-22F8-4B0A-88F8-031CEAD60347}.Release|Any CPU.Build.0 = Release|Any CPU
		{B3AC1CE0-2E13-4E8C-9C12-DC10B9F64263}.Debug|Any CPU.ActiveCfg = Debug|Any CPU
		{B3AC1CE0-2E13-4E8C-9C12-DC10B9F64263}.Debug|Any CPU.Build.0 = Debug|Any CPU
		{B3AC1CE0-2E13-4E8C-9C12-DC10B9F64263}.Release|Any CPU.ActiveCfg = Release|Any CPU
		{B3AC1CE0-2E13-4E8C-9C12-DC10B9F64263}.Release|Any CPU.Build.0 = Release|Any CPU
		{6BCDD3E8-803F-4422-AC6C-E71987170782}.Debug|Any CPU.ActiveCfg = Debug|Any CPU
		{6BCDD3E8-803F-4422-AC6C-E71987170782}.Debug|Any CPU.Build.0 = Debug|Any CPU
		{6BCDD3E8-803F-4422-AC6C-E71987170782}.Release|Any CPU.ActiveCfg = Release|Any CPU
		{6BCDD3E8-803F-4422-AC6C-E71987170782}.Release|Any CPU.Build.0 = Release|Any CPU
		{8374CA0B-FC8A-4533-97D1-850D95F65223}.Debug|Any CPU.ActiveCfg = Debug|Any CPU
		{8374CA0B-FC8A-4533-97D1-850D95F65223}.Debug|Any CPU.Build.0 = Debug|Any CPU
		{8374CA0B-FC8A-4533-97D1-850D95F65223}.Release|Any CPU.ActiveCfg = Release|Any CPU
		{8374CA0B-FC8A-4533-97D1-850D95F65223}.Release|Any CPU.Build.0 = Release|Any CPU
		{16888A66-7115-4CC2-A16B-07961D87F325}.Debug|Any CPU.ActiveCfg = Debug|Any CPU
		{16888A66-7115-4CC2-A16B-07961D87F325}.Debug|Any CPU.Build.0 = Debug|Any CPU
		{16888A66-7115-4CC2-A16B-07961D87F325}.Release|Any CPU.ActiveCfg = Release|Any CPU
		{16888A66-7115-4CC2-A16B-07961D87F325}.Release|Any CPU.Build.0 = Release|Any CPU
		{D0929D26-C879-4FAF-98D7-B57DF715ABA9}.Debug|Any CPU.ActiveCfg = Debug|Any CPU
		{D0929D26-C879-4FAF-98D7-B57DF715ABA9}.Debug|Any CPU.Build.0 = Debug|Any CPU
		{D0929D26-C879-4FAF-98D7-B57DF715ABA9}.Release|Any CPU.ActiveCfg = Release|Any CPU
		{D0929D26-C879-4FAF-98D7-B57DF715ABA9}.Release|Any CPU.Build.0 = Release|Any CPU
		{ED5DAD34-0B6A-46C9-AB16-A3194C077B71}.Debug|Any CPU.ActiveCfg = Debug|Any CPU
		{ED5DAD34-0B6A-46C9-AB16-A3194C077B71}.Debug|Any CPU.Build.0 = Debug|Any CPU
		{ED5DAD34-0B6A-46C9-AB16-A3194C077B71}.Release|Any CPU.ActiveCfg = Release|Any CPU
		{ED5DAD34-0B6A-46C9-AB16-A3194C077B71}.Release|Any CPU.Build.0 = Release|Any CPU
		{663F3CF5-D7BF-4173-819C-1BA4FB3A58F9}.Debug|Any CPU.ActiveCfg = Debug|Any CPU
		{663F3CF5-D7BF-4173-819C-1BA4FB3A58F9}.Debug|Any CPU.Build.0 = Debug|Any CPU
		{663F3CF5-D7BF-4173-819C-1BA4FB3A58F9}.Release|Any CPU.ActiveCfg = Release|Any CPU
		{663F3CF5-D7BF-4173-819C-1BA4FB3A58F9}.Release|Any CPU.Build.0 = Release|Any CPU
		{8EC3BD32-4702-4AF1-A179-106FCA8CED42}.Debug|Any CPU.ActiveCfg = Debug|Any CPU
		{8EC3BD32-4702-4AF1-A179-106FCA8CED42}.Debug|Any CPU.Build.0 = Debug|Any CPU
		{8EC3BD32-4702-4AF1-A179-106FCA8CED42}.Release|Any CPU.ActiveCfg = Release|Any CPU
		{8EC3BD32-4702-4AF1-A179-106FCA8CED42}.Release|Any CPU.Build.0 = Release|Any CPU
		{438E8309-0BA4-4E70-AA8A-003A0BBC2913}.Debug|Any CPU.ActiveCfg = Debug|Any CPU
		{438E8309-0BA4-4E70-AA8A-003A0BBC2913}.Debug|Any CPU.Build.0 = Debug|Any CPU
		{438E8309-0BA4-4E70-AA8A-003A0BBC2913}.Release|Any CPU.ActiveCfg = Release|Any CPU
		{438E8309-0BA4-4E70-AA8A-003A0BBC2913}.Release|Any CPU.Build.0 = Release|Any CPU
		{71025704-BE6D-42DC-B3CD-5E17BC3396D5}.Debug|Any CPU.ActiveCfg = Debug|Any CPU
		{71025704-BE6D-42DC-B3CD-5E17BC3396D5}.Debug|Any CPU.Build.0 = Debug|Any CPU
		{71025704-BE6D-42DC-B3CD-5E17BC3396D5}.Release|Any CPU.ActiveCfg = Release|Any CPU
		{71025704-BE6D-42DC-B3CD-5E17BC3396D5}.Release|Any CPU.Build.0 = Release|Any CPU
		{A75C969B-97F0-47E7-852A-7C3F2B2F80D2}.Debug|Any CPU.ActiveCfg = Debug|Any CPU
		{A75C969B-97F0-47E7-852A-7C3F2B2F80D2}.Debug|Any CPU.Build.0 = Debug|Any CPU
		{A75C969B-97F0-47E7-852A-7C3F2B2F80D2}.Release|Any CPU.ActiveCfg = Release|Any CPU
		{A75C969B-97F0-47E7-852A-7C3F2B2F80D2}.Release|Any CPU.Build.0 = Release|Any CPU
		{40BAB1F5-CF60-4671-AC8E-8A8A8B95BCF9}.Debug|Any CPU.ActiveCfg = Debug|Any CPU
		{40BAB1F5-CF60-4671-AC8E-8A8A8B95BCF9}.Debug|Any CPU.Build.0 = Debug|Any CPU
		{40BAB1F5-CF60-4671-AC8E-8A8A8B95BCF9}.Release|Any CPU.ActiveCfg = Release|Any CPU
		{40BAB1F5-CF60-4671-AC8E-8A8A8B95BCF9}.Release|Any CPU.Build.0 = Release|Any CPU
		{0B3275F0-E002-425A-B94B-38E6D6C73B8D}.Debug|Any CPU.ActiveCfg = Debug|Any CPU
		{0B3275F0-E002-425A-B94B-38E6D6C73B8D}.Debug|Any CPU.Build.0 = Debug|Any CPU
		{0B3275F0-E002-425A-B94B-38E6D6C73B8D}.Release|Any CPU.ActiveCfg = Release|Any CPU
		{0B3275F0-E002-425A-B94B-38E6D6C73B8D}.Release|Any CPU.Build.0 = Release|Any CPU
		{CEFB38E5-B5E4-469F-BCDA-F00EC8A620E2}.Debug|Any CPU.ActiveCfg = Debug|Any CPU
		{CEFB38E5-B5E4-469F-BCDA-F00EC8A620E2}.Debug|Any CPU.Build.0 = Debug|Any CPU
		{CEFB38E5-B5E4-469F-BCDA-F00EC8A620E2}.Release|Any CPU.ActiveCfg = Release|Any CPU
		{CEFB38E5-B5E4-469F-BCDA-F00EC8A620E2}.Release|Any CPU.Build.0 = Release|Any CPU
		{27B53DF9-AB65-4757-ACFF-CC16C3554D92}.Debug|Any CPU.ActiveCfg = Debug|Any CPU
		{27B53DF9-AB65-4757-ACFF-CC16C3554D92}.Debug|Any CPU.Build.0 = Debug|Any CPU
		{27B53DF9-AB65-4757-ACFF-CC16C3554D92}.Release|Any CPU.ActiveCfg = Release|Any CPU
		{27B53DF9-AB65-4757-ACFF-CC16C3554D92}.Release|Any CPU.Build.0 = Release|Any CPU
		{791F95FC-4CE7-4F62-81EB-475F3B748905}.Debug|Any CPU.ActiveCfg = Debug|Any CPU
		{791F95FC-4CE7-4F62-81EB-475F3B748905}.Debug|Any CPU.Build.0 = Debug|Any CPU
		{791F95FC-4CE7-4F62-81EB-475F3B748905}.Release|Any CPU.ActiveCfg = Release|Any CPU
		{791F95FC-4CE7-4F62-81EB-475F3B748905}.Release|Any CPU.Build.0 = Release|Any CPU
	EndGlobalSection
	GlobalSection(SolutionProperties) = preSolution
		HideSolutionNode = FALSE
	EndGlobalSection
	GlobalSection(NestedProjects) = preSolution
		{1D3F73C0-50C0-473B-835B-77946F6CE50E} = {1DB79A30-E904-4790-8F57-06FEB50DAE7D}
		{3406896D-C2D0-4256-AE6F-27E76499BF73} = {1DB79A30-E904-4790-8F57-06FEB50DAE7D}
		{55B9FF30-F5A2-4F89-BD43-7660EB452B08} = {1DB79A30-E904-4790-8F57-06FEB50DAE7D}
		{F5E6217B-B97A-4A05-AF0B-704F2ECC7B52} = {21961F0A-A9E8-43FA-8C75-E66F2EE6FDC9}
		{7157A656-22F8-4B0A-88F8-031CEAD60347} = {21961F0A-A9E8-43FA-8C75-E66F2EE6FDC9}
		{B3AC1CE0-2E13-4E8C-9C12-DC10B9F64263} = {21961F0A-A9E8-43FA-8C75-E66F2EE6FDC9}
		{6BCDD3E8-803F-4422-AC6C-E71987170782} = {5AF6693F-CCF8-4FAC-B26F-1BA52EE33964}
		{8374CA0B-FC8A-4533-97D1-850D95F65223} = {5AF6693F-CCF8-4FAC-B26F-1BA52EE33964}
		{16888A66-7115-4CC2-A16B-07961D87F325} = {5AF6693F-CCF8-4FAC-B26F-1BA52EE33964}
		{D0929D26-C879-4FAF-98D7-B57DF715ABA9} = {0D603498-D0C7-478D-A1BA-7CCD67796F98}
		{ED5DAD34-0B6A-46C9-AB16-A3194C077B71} = {0D603498-D0C7-478D-A1BA-7CCD67796F98}
		{663F3CF5-D7BF-4173-819C-1BA4FB3A58F9} = {0D603498-D0C7-478D-A1BA-7CCD67796F98}
		{8EC3BD32-4702-4AF1-A179-106FCA8CED42} = {A60E439B-BB05-4FF6-845E-CAD97B6E873A}
		{438E8309-0BA4-4E70-AA8A-003A0BBC2913} = {A60E439B-BB05-4FF6-845E-CAD97B6E873A}
		{71025704-BE6D-42DC-B3CD-5E17BC3396D5} = {A60E439B-BB05-4FF6-845E-CAD97B6E873A}
		{A75C969B-97F0-47E7-852A-7C3F2B2F80D2} = {94200C68-09A6-49A7-AE3F-FB298F74AE53}
		{40BAB1F5-CF60-4671-AC8E-8A8A8B95BCF9} = {94200C68-09A6-49A7-AE3F-FB298F74AE53}
		{0B3275F0-E002-425A-B94B-38E6D6C73B8D} = {94200C68-09A6-49A7-AE3F-FB298F74AE53}
		{CEFB38E5-B5E4-469F-BCDA-F00EC8A620E2} = {1B5940E2-823C-44FE-A169-C57AB14B4F0D}
		{27B53DF9-AB65-4757-ACFF-CC16C3554D92} = {1B5940E2-823C-44FE-A169-C57AB14B4F0D}
		{791F95FC-4CE7-4F62-81EB-475F3B748905} = {1B5940E2-823C-44FE-A169-C57AB14B4F0D}
	EndGlobalSection
	GlobalSection(ExtensibilityGlobals) = postSolution
		SolutionGuid = {C2AF9DA3-269E-4037-82DD-28CC826405DF}
	EndGlobalSection
EndGlobal
